
Microsoft Visual Studio Solution File, Format Version 12.00
# Visual Studio Version 17
VisualStudioVersion = 17.4.33122.133
MinimumVisualStudioVersion = 10.0.40219.1
Project("{FAE04EC0-301F-11D3-BF4B-00C04F79EFBC}") = "trackplan", "trackplan.csproj", "{92D5795B-AF95-47BE-8B7C-2D0DCFA1435B}"
EndProject
Global
	GlobalSection(SolutionConfigurationPlatforms) = preSolution
		Debug|Any CPU = Debug|Any CPU
		Release|Any CPU = Release|Any CPU
	EndGlobalSection
	GlobalSection(ProjectConfigurationPlatforms) = postSolution
		{92D5795B-AF95-47BE-8B7C-2D0DCFA1435B}.Debug|Any CPU.ActiveCfg = Debug|Any CPU
		{92D5795B-AF95-47BE-8B7C-2D0DCFA1435B}.Debug|Any CPU.Build.0 = Debug|Any CPU
		{92D5795B-AF95-47BE-8B7C-2D0DCFA1435B}.Release|Any CPU.ActiveCfg = Release|Any CPU
		{92D5795B-AF95-47BE-8B7C-2D0DCFA1435B}.Release|Any CPU.Build.0 = Release|Any CPU
	EndGlobalSection
	GlobalSection(SolutionProperties) = preSolution
		HideSolutionNode = FALSE
	EndGlobalSection
	GlobalSection(ExtensibilityGlobals) = postSolution
		SolutionGuid = {703974D5-FBE0-494C-B8DC-B2C15D1ED40B}
	EndGlobalSection
EndGlobal
